
Microsoft Visual Studio Solution File, Format Version 12.00
# Visual Studio Version 17
VisualStudioVersion = 17.5.33414.496
MinimumVisualStudioVersion = 10.0.40219.1
Project("{9A19103F-16F7-4668-BE54-9A1E7A4F7556}") = "Spending_App", "Spending_App\Spending_App.csproj", "{5696007E-3999-4DA3-8EE8-302AB54BE463}"
EndProject
Project("{9A19103F-16F7-4668-BE54-9A1E7A4F7556}") = "BussinessObject", "BussinessObject\BussinessObject.csproj", "{8387BCA5-381E-45F2-943F-15561B29DAA8}"
EndProject
Project("{9A19103F-16F7-4668-BE54-9A1E7A4F7556}") = "Spending_Web", "Spending_Web\Spending_Web.csproj", "{495F0A85-1F8C-4290-83FF-0C9E9DBB4DCE}"
	ProjectSection(ProjectDependencies) = postProject
		{5696007E-3999-4DA3-8EE8-302AB54BE463} = {5696007E-3999-4DA3-8EE8-302AB54BE463}
	EndProjectSection
EndProject
Project("{2150E333-8FDC-42A3-9474-1A3956D46DE8}") = "Solution Items", "Solution Items", "{72A5138C-CED7-4EE1-BF0E-A0976ED325B5}"
	ProjectSection(SolutionItems) = preProject
		PE.txt = PE.txt
	EndProjectSection
EndProject
Global
	GlobalSection(SolutionConfigurationPlatforms) = preSolution
		Debug|Any CPU = Debug|Any CPU
		Release|Any CPU = Release|Any CPU
	EndGlobalSection
	GlobalSection(ProjectConfigurationPlatforms) = postSolution
		{5696007E-3999-4DA3-8EE8-302AB54BE463}.Debug|Any CPU.ActiveCfg = Debug|Any CPU
		{5696007E-3999-4DA3-8EE8-302AB54BE463}.Debug|Any CPU.Build.0 = Debug|Any CPU
		{5696007E-3999-4DA3-8EE8-302AB54BE463}.Release|Any CPU.ActiveCfg = Release|Any CPU
		{5696007E-3999-4DA3-8EE8-302AB54BE463}.Release|Any CPU.Build.0 = Release|Any CPU
		{8387BCA5-381E-45F2-943F-15561B29DAA8}.Debug|Any CPU.ActiveCfg = Debug|Any CPU
		{8387BCA5-381E-45F2-943F-15561B29DAA8}.Debug|Any CPU.Build.0 = Debug|Any CPU
		{8387BCA5-381E-45F2-943F-15561B29DAA8}.Release|Any CPU.ActiveCfg = Release|Any CPU
		{8387BCA5-381E-45F2-943F-15561B29DAA8}.Release|Any CPU.Build.0 = Release|Any CPU
		{495F0A85-1F8C-4290-83FF-0C9E9DBB4DCE}.Debug|Any CPU.ActiveCfg = Debug|Any CPU
		{495F0A85-1F8C-4290-83FF-0C9E9DBB4DCE}.Debug|Any CPU.Build.0 = Debug|Any CPU
		{495F0A85-1F8C-4290-83FF-0C9E9DBB4DCE}.Release|Any CPU.ActiveCfg = Release|Any CPU
		{495F0A85-1F8C-4290-83FF-0C9E9DBB4DCE}.Release|Any CPU.Build.0 = Release|Any CPU
	EndGlobalSection
	GlobalSection(SolutionProperties) = preSolution
		HideSolutionNode = FALSE
	EndGlobalSection
	GlobalSection(ExtensibilityGlobals) = postSolution
		SolutionGuid = {183800BC-AFB0-4728-BE17-883EB6FE9C55}
	EndGlobalSection
EndGlobal
